<?xml version="1.0" encoding="utf-8"?>
<Project ToolsVersion="4.0" xmlns="http://schemas.microsoft.com/developer/msbuild/2003">
  <ItemGroup>
    <ClCompile Include="Nit.cpp" />
    <ClCompile Include="NitCore.cpp">
      <Filter>NitCore</Filter>
    </ClCompile>
    <ClCompile Include="M2.NSudo.cpp">
      <Filter>M2.NSudo</Filter>
    </ClCompile>
    <ClCompile Include="NSudoAPI.cpp">
      <Filter>NSudoAPI</Filter>
    </ClCompile>
  </ItemGroup>
  <ItemGroup>
    <ClInclude Include="DismCore.h" />
    <ClInclude Include="NitVersion.h">
      <Filter>NitVersion</Filter>
    </ClInclude>
    <ClInclude Include="NitCore.h">
      <Filter>NitCore</Filter>
    </ClInclude>
    <ClInclude Include="M2.NSudo.h">
      <Filter>M2.NSudo</Filter>
    </ClInclude>
    <ClInclude Include="NSudoAPI.h">
      <Filter>NSudoAPI</Filter>
    </ClInclude>
  </ItemGroup>
  <ItemGroup>
    <Filter Include="NitVersion">
      <UniqueIdentifier>{2fe6443c-ddda-4bae-a4cf-c4eea1786e42}</UniqueIdentifier>
    </Filter>
    <Filter Include="NitManifest">
      <UniqueIdentifier>{49fb9111-6caa-46c3-8bdc-8d8a6929debd}</UniqueIdentifier>
    </Filter>
    <Filter Include="NitCore">
      <UniqueIdentifier>{6187d72a-5c8f-49ff-b089-b9062e0bfb10}</UniqueIdentifier>
    </Filter>
    <Filter Include="M2.NSudo">
      <UniqueIdentifier>{e030460c-b700-48fe-9ce0-fd2a88c80b32}</UniqueIdentifier>
    </Filter>
    <Filter Include="NSudoAPI">
      <UniqueIdentifier>{65035c84-4626-4399-98e2-79a8729dd515}</UniqueIdentifier>
    </Filter>
  </ItemGroup>
  <ItemGroup>
    <ResourceCompile Include="NitVersion.rc">
      <Filter>NitVersion</Filter>
    </ResourceCompile>
    <ResourceCompile Include="NitManifest.rc">
      <Filter>NitManifest</Filter>
    </ResourceCompile>
  </ItemGroup>
  <ItemGroup>
    <Manifest Include="NitManifest.manifest">
      <Filter>NitManifest</Filter>
    </Manifest>
  </ItemGroup>
</Project>